// !$*UTF8*$!
{
	archiveVersion = 1;
	classes = {
	};
	objectVersion = 77;
	objects = {

/* Begin PBXBuildFile section */
		327E8F982FA7169700023C85 /* RevenueCat in Frameworks */ = {isa = PBXBuildFile; productRef = 327E8F972FA7169700023C85 /* RevenueCat */; };
		39EA622E2F8A1AC600F37C9D /* WidgetKit.framework in Frameworks */ = {isa = PBXBuildFile; fileRef = 39EA622D2F8A1AC600F37C9D /* WidgetKit.framework */; };
		39EA62302F8A1AC600F37C9D /* SwiftUI.framework in Frameworks */ = {isa = PBXBuildFile; fileRef = 39EA622F2F8A1AC600F37C9D /* SwiftUI.framework */; };
		39EA62412F8A1AC700F37C9D /* StreakWidgetExtension.appex in Embed Foundation Extensions */ = {isa = PBXBuildFile; fileRef = 39EA622B2F8A1AC600F37C9D /* StreakWidgetExtension.appex */; settings = {ATTRIBUTES = (RemoveHeadersOnCopy, ); }; };
		39EA624E2F8A216600F37C9D /* WidgetKit.framework in Frameworks */ = {isa = PBXBuildFile; fileRef = 39EA622D2F8A1AC600F37C9D /* WidgetKit.framework */; };
		39EA624F2F8A216600F37C9D /* SwiftUI.framework in Frameworks */ = {isa = PBXBuildFile; fileRef = 39EA622F2F8A1AC600F37C9D /* SwiftUI.framework */; };
		39EA62602F8A216800F37C9D /* VerseTaskWidgetExtension.appex in Embed Foundation Extensions */ = {isa = PBXBuildFile; fileRef = 39EA624D2F8A216600F37C9D /* VerseTaskWidgetExtension.appex */; settings = {ATTRIBUTES = (RemoveHeadersOnCopy, ); }; };
		39EA626C2F8A2BA200F37C9D /* WidgetKit.framework in Frameworks */ = {isa = PBXBuildFile; fileRef = 39EA622D2F8A1AC600F37C9D /* WidgetKit.framework */; };
		39EA626D2F8A2BA200F37C9D /* SwiftUI.framework in Frameworks */ = {isa = PBXBuildFile; fileRef = 39EA622F2F8A1AC600F37C9D /* SwiftUI.framework */; };
		39EA627E2F8A2BA300F37C9D /* LockScreenIconWidgetExtension.appex in Embed Foundation Extensions */ = {isa = PBXBuildFile; fileRef = 39EA626B2F8A2BA200F37C9D /* LockScreenIconWidgetExtension.appex */; settings = {ATTRIBUTES = (RemoveHeadersOnCopy, ); }; };
		39EA62852F90000300F37C9D /* Supabase in Frameworks */ = {isa = PBXBuildFile; productRef = 39EA62842F90000200F37C9D /* Supabase */; };
/* End PBXBuildFile section */

/* Begin PBXContainerItemProxy section */
		39EA623F2F8A1AC700F37C9D /* PBXContainerItemProxy */ = {
			isa = PBXContainerItemProxy;
			containerPortal = 39EA61DC2F80CFE500F37C9D /* Project object */;
			proxyType = 1;
			remoteGlobalIDString = 39EA622A2F8A1AC600F37C9D;
			remoteInfo = StreakWidgetExtension;
		};
		39EA625E2F8A216800F37C9D /* PBXContainerItemProxy */ = {
			isa = PBXContainerItemProxy;
			containerPortal = 39EA61DC2F80CFE500F37C9D /* Project object */;
			proxyType = 1;
			remoteGlobalIDString = 39EA624C2F8A216600F37C9D;
			remoteInfo = VerseTaskWidgetExtension;
		};
		39EA627C2F8A2BA300F37C9D /* PBXContainerItemProxy */ = {
			isa = PBXContainerItemProxy;
			containerPortal = 39EA61DC2F80CFE500F37C9D /* Project object */;
			proxyType = 1;
			remoteGlobalIDString = 39EA626A2F8A2BA200F37C9D;
			remoteInfo = LockScreenIconWidgetExtension;
		};
/* End PBXContainerItemProxy section */

/* Begin PBXCopyFilesBuildPhase section */
		39EA62462F8A1AC700F37C9D /* Embed Foundation Extensions */ = {
			isa = PBXCopyFilesBuildPhase;
			buildActionMask = 2147483647;
			dstPath = "";
			dstSubfolderSpec = 13;
			files = (
				39EA627E2F8A2BA300F37C9D /* LockScreenIconWidgetExtension.appex in Embed Foundation Extensions */,
				39EA62412F8A1AC700F37C9D /* StreakWidgetExtension.appex in Embed Foundation Extensions */,
				39EA62602F8A216800F37C9D /* VerseTaskWidgetExtension.appex in Embed Foundation Extensions */,
			);
			name = "Embed Foundation Extensions";
			runOnlyForDeploymentPostprocessing = 0;
		};
/* End PBXCopyFilesBuildPhase section */

/* Begin PBXFileReference section */
		39EA61E42F80CFE600F37C9D /* BIBLE TODO.app */ = {isa = PBXFileReference; explicitFileType = wrapper.application; includeInIndex = 0; path = "BIBLE TODO.app"; sourceTree = BUILT_PRODUCTS_DIR; };
		39EA622B2F8A1AC600F37C9D /* StreakWidgetExtension.appex */ = {isa = PBXFileReference; explicitFileType = "wrapper.app-extension"; includeInIndex = 0; path = StreakWidgetExtension.appex; sourceTree = BUILT_PRODUCTS_DIR; };
		39EA622D2F8A1AC600F37C9D /* WidgetKit.framework */ = {isa = PBXFileReference; lastKnownFileType = wrapper.framework; name = WidgetKit.framework; path = System/Library/Frameworks/WidgetKit.framework; sourceTree = SDKROOT; };
		39EA622F2F8A1AC600F37C9D /* SwiftUI.framework */ = {isa = PBXFileReference; lastKnownFileType = wrapper.framework; name = SwiftUI.framework; path = System/Library/Frameworks/SwiftUI.framework; sourceTree = SDKROOT; };
		39EA624D2F8A216600F37C9D /* VerseTaskWidgetExtension.appex */ = {isa = PBXFileReference; explicitFileType = "wrapper.app-extension"; includeInIndex = 0; path = VerseTaskWidgetExtension.appex; sourceTree = BUILT_PRODUCTS_DIR; };
		39EA626B2F8A2BA200F37C9D /* LockScreenIconWidgetExtension.appex */ = {isa = PBXFileReference; explicitFileType = "wrapper.app-extension"; includeInIndex = 0; path = LockScreenIconWidgetExtension.appex; sourceTree = BUILT_PRODUCTS_DIR; };
		39EA62862F90001000F37C9D /* AppConfig.xcconfig */ = {isa = PBXFileReference; lastKnownFileType = text.xcconfig; path = AppConfig.xcconfig; sourceTree = "<group>"; };
		39EA62872F90001100F37C9D /* Secrets.example.xcconfig */ = {isa = PBXFileReference; lastKnownFileType = text.xcconfig; path = Secrets.example.xcconfig; sourceTree = "<group>"; };
/* End PBXFileReference section */

/* Begin PBXFileSystemSynchronizedBuildFileExceptionSet section */
		39EA62072F80CFE800F37C9D /* Exceptions for "BIBLE TODO" folder in "BIBLE TODO" target */ = {
			isa = PBXFileSystemSynchronizedBuildFileExceptionSet;
			membershipExceptions = (
				Info.plist,
			);
			target = 39EA61E32F80CFE600F37C9D /* BIBLE TODO */;
		};
		39EA62452F8A1AC700F37C9D /* Exceptions for "StreakWidget" folder in "StreakWidgetExtension" target */ = {
			isa = PBXFileSystemSynchronizedBuildFileExceptionSet;
			membershipExceptions = (
				Info.plist,
			);
			target = 39EA622A2F8A1AC600F37C9D /* StreakWidgetExtension */;
		};
		39EA62642F8A216800F37C9D /* Exceptions for "VerseTaskWidget" folder in "VerseTaskWidgetExtension" target */ = {
			isa = PBXFileSystemSynchronizedBuildFileExceptionSet;
			membershipExceptions = (
				Info.plist,
			);
			target = 39EA624C2F8A216600F37C9D /* VerseTaskWidgetExtension */;
		};
		39EA62822F8A2BA300F37C9D /* Exceptions for "LockScreenIconWidget" folder in "LockScreenIconWidgetExtension" target */ = {
			isa = PBXFileSystemSynchronizedBuildFileExceptionSet;
			membershipExceptions = (
				Info.plist,
			);
			target = 39EA626A2F8A2BA200F37C9D /* LockScreenIconWidgetExtension */;
		};
/* End PBXFileSystemSynchronizedBuildFileExceptionSet section */

/* Begin PBXFileSystemSynchronizedRootGroup section */
		39EA61E62F80CFE600F37C9D /* BIBLE TODO */ = {
			isa = PBXFileSystemSynchronizedRootGroup;
			exceptions = (
				39EA62072F80CFE800F37C9D /* Exceptions for "BIBLE TODO" folder in "BIBLE TODO" target */,
			);
			path = "BIBLE TODO";
			sourceTree = "<group>";
		};
		39EA62312F8A1AC600F37C9D /* StreakWidget */ = {
			isa = PBXFileSystemSynchronizedRootGroup;
			exceptions = (
				39EA62452F8A1AC700F37C9D /* Exceptions for "StreakWidget" folder in "StreakWidgetExtension" target */,
			);
			path = StreakWidget;
			sourceTree = "<group>";
		};
		39EA62502F8A216600F37C9D /* VerseTaskWidget */ = {
			isa = PBXFileSystemSynchronizedRootGroup;
			exceptions = (
				39EA62642F8A216800F37C9D /* Exceptions for "VerseTaskWidget" folder in "VerseTaskWidgetExtension" target */,
			);
			path = VerseTaskWidget;
			sourceTree = "<group>";
		};
		39EA626E2F8A2BA200F37C9D /* LockScreenIconWidget */ = {
			isa = PBXFileSystemSynchronizedRootGroup;
			exceptions = (
				39EA62822F8A2BA300F37C9D /* Exceptions for "LockScreenIconWidget" folder in "LockScreenIconWidgetExtension" target */,
			);
			path = LockScreenIconWidget;
			sourceTree = "<group>";
		};
/* End PBXFileSystemSynchronizedRootGroup section */

/* Begin PBXFrameworksBuildPhase section */
		39EA61E12F80CFE600F37C9D /* Frameworks */ = {
			isa = PBXFrameworksBuildPhase;
			buildActionMask = 2147483647;
			files = (
				327E8F982FA7169700023C85 /* RevenueCat in Frameworks */,
				39EA62852F90000300F37C9D /* Supabase in Frameworks */,
			);
			runOnlyForDeploymentPostprocessing = 0;
		};
		39EA62282F8A1AC600F37C9D /* Frameworks */ = {
			isa = PBXFrameworksBuildPhase;
			buildActionMask = 2147483647;
			files = (
				39EA62302F8A1AC600F37C9D /* SwiftUI.framework in Frameworks */,
				39EA622E2F8A1AC600F37C9D /* WidgetKit.framework in Frameworks */,
			);
			runOnlyForDeploymentPostprocessing = 0;
		};
		39EA624A2F8A216600F37C9D /* Frameworks */ = {
			isa = PBXFrameworksBuildPhase;
			buildActionMask = 2147483647;
			files = (
				39EA624F2F8A216600F37C9D /* SwiftUI.framework in Frameworks */,
				39EA624E2F8A216600F37C9D /* WidgetKit.framework in Frameworks */,
			);
			runOnlyForDeploymentPostprocessing = 0;
		};
		39EA62682F8A2BA200F37C9D /* Frameworks */ = {
			isa = PBXFrameworksBuildPhase;
			buildActionMask = 2147483647;
			files = (
				39EA626D2F8A2BA200F37C9D /* SwiftUI.framework in Frameworks */,
				39EA626C2F8A2BA200F37C9D /* WidgetKit.framework in Frameworks */,
			);
			runOnlyForDeploymentPostprocessing = 0;
		};
/* End PBXFrameworksBuildPhase section */

/* Begin PBXGroup section */
		39EA61DB2F80CFE500F37C9D = {
			isa = PBXGroup;
			children = (
				39EA62882F90001200F37C9D /* Config */,
				39EA61E62F80CFE600F37C9D /* BIBLE TODO */,
				39EA62312F8A1AC600F37C9D /* StreakWidget */,
				39EA62502F8A216600F37C9D /* VerseTaskWidget */,
				39EA626E2F8A2BA200F37C9D /* LockScreenIconWidget */,
				39EA622C2F8A1AC600F37C9D /* Frameworks */,
				39EA61E52F80CFE600F37C9D /* Products */,
			);
			sourceTree = "<group>";
		};
		39EA61E52F80CFE600F37C9D /* Products */ = {
			isa = PBXGroup;
			children = (
				39EA61E42F80CFE600F37C9D /* BIBLE TODO.app */,
				39EA622B2F8A1AC600F37C9D /* StreakWidgetExtension.appex */,
				39EA624D2F8A216600F37C9D /* VerseTaskWidgetExtension.appex */,
				39EA626B2F8A2BA200F37C9D /* LockScreenIconWidgetExtension.appex */,
			);
			name = Products;
			sourceTree = "<group>";
		};
		39EA622C2F8A1AC600F37C9D /* Frameworks */ = {
			isa = PBXGroup;
			children = (
				39EA622D2F8A1AC600F37C9D /* WidgetKit.framework */,
				39EA622F2F8A1AC600F37C9D /* SwiftUI.framework */,
			);
			name = Frameworks;
			sourceTree = "<group>";
		};
		39EA62882F90001200F37C9D /* Config */ = {
			isa = PBXGroup;
			children = (
				39EA62862F90001000F37C9D /* AppConfig.xcconfig */,
				39EA62872F90001100F37C9D /* Secrets.example.xcconfig */,
			);
			path = Config;
			sourceTree = "<group>";
		};
/* End PBXGroup section */

/* Begin PBXNativeTarget section */
		39EA61E32F80CFE600F37C9D /* BIBLE TODO */ = {
			isa = PBXNativeTarget;
			buildConfigurationList = 39EA62082F80CFE800F37C9D /* Build configuration list for PBXNativeTarget "BIBLE TODO" */;
			buildPhases = (
				39EA61E02F80CFE600F37C9D /* Sources */,
				39EA61E12F80CFE600F37C9D /* Frameworks */,
				39EA61E22F80CFE600F37C9D /* Resources */,
				39EA62462F8A1AC700F37C9D /* Embed Foundation Extensions */,
			);
			buildRules = (
			);
			dependencies = (
				39EA62402F8A1AC700F37C9D /* PBXTargetDependency */,
				39EA625F2F8A216800F37C9D /* PBXTargetDependency */,
				39EA627D2F8A2BA300F37C9D /* PBXTargetDependency */,
			);
			fileSystemSynchronizedGroups = (
				39EA61E62F80CFE600F37C9D /* BIBLE TODO */,
			);
			name = "BIBLE TODO";
			packageProductDependencies = (
				39EA62842F90000200F37C9D /* Supabase */,
				327E8F972FA7169700023C85 /* RevenueCat */,
			);
			productName = "BIBLE TODO";
			productReference = 39EA61E42F80CFE600F37C9D /* BIBLE TODO.app */;
			productType = "com.apple.product-type.application";
		};
		39EA622A2F8A1AC600F37C9D /* StreakWidgetExtension */ = {
			isa = PBXNativeTarget;
			buildConfigurationList = 39EA62422F8A1AC700F37C9D /* Build configuration list for PBXNativeTarget "StreakWidgetExtension" */;
			buildPhases = (
				39EA62272F8A1AC600F37C9D /* Sources */,
				39EA62282F8A1AC600F37C9D /* Frameworks */,
				39EA62292F8A1AC600F37C9D /* Resources */,
			);
			buildRules = (
			);
			dependencies = (
			);
			fileSystemSynchronizedGroups = (
				39EA62312F8A1AC600F37C9D /* StreakWidget */,
			);
			name = StreakWidgetExtension;
			packageProductDependencies = (
			);
			productName = StreakWidgetExtension;
			productReference = 39EA622B2F8A1AC600F37C9D /* StreakWidgetExtension.appex */;
			productType = "com.apple.product-type.app-extension";
		};
		39EA624C2F8A216600F37C9D /* VerseTaskWidgetExtension */ = {
			isa = PBXNativeTarget;
			buildConfigurationList = 39EA62612F8A216800F37C9D /* Build configuration list for PBXNativeTarget "VerseTaskWidgetExtension" */;
			buildPhases = (
				39EA62492F8A216600F37C9D /* Sources */,
				39EA624A2F8A216600F37C9D /* Frameworks */,
				39EA624B2F8A216600F37C9D /* Resources */,
			);
			buildRules = (
			);
			dependencies = (
			);
			fileSystemSynchronizedGroups = (
				39EA62502F8A216600F37C9D /* VerseTaskWidget */,
			);
			name = VerseTaskWidgetExtension;
			packageProductDependencies = (
			);
			productName = VerseTaskWidgetExtension;
			productReference = 39EA624D2F8A216600F37C9D /* VerseTaskWidgetExtension.appex */;
			productType = "com.apple.product-type.app-extension";
		};
		39EA626A2F8A2BA200F37C9D /* LockScreenIconWidgetExtension */ = {
			isa = PBXNativeTarget;
			buildConfigurationList = 39EA627F2F8A2BA300F37C9D /* Build configuration list for PBXNativeTarget "LockScreenIconWidgetExtension" */;
			buildPhases = (
				39EA62672F8A2BA200F37C9D /* Sources */,
				39EA62682F8A2BA200F37C9D /* Frameworks */,
				39EA62692F8A2BA200F37C9D /* Resources */,
			);
			buildRules = (
			);
			dependencies = (
			);
			fileSystemSynchronizedGroups = (
				39EA626E2F8A2BA200F37C9D /* LockScreenIconWidget */,
			);
			name = LockScreenIconWidgetExtension;
			packageProductDependencies = (
			);
			productName = LockScreenIconWidgetExtension;
			productReference = 39EA626B2F8A2BA200F37C9D /* LockScreenIconWidgetExtension.appex */;
			productType = "com.apple.product-type.app-extension";
		};
/* End PBXNativeTarget section */

/* Begin PBXProject section */
		39EA61DC2F80CFE500F37C9D /* Project object */ = {
			isa = PBXProject;
			attributes = {
				BuildIndependentTargetsInParallel = 1;
				LastSwiftUpdateCheck = 2640;
				LastUpgradeCheck = 2640;
				TargetAttributes = {
					39EA61E32F80CFE600F37C9D = {
						CreatedOnToolsVersion = 26.4;
					};
					39EA622A2F8A1AC600F37C9D = {
						CreatedOnToolsVersion = 26.4;
					};
					39EA624C2F8A216600F37C9D = {
						CreatedOnToolsVersion = 26.4;
					};
					39EA626A2F8A2BA200F37C9D = {
						CreatedOnToolsVersion = 26.4;
					};
				};
			};
			buildConfigurationList = 39EA61DF2F80CFE500F37C9D /* Build configuration list for PBXProject "BIBLE TODO" */;
			developmentRegion = en;
			hasScannedForEncodings = 0;
			knownRegions = (
				en,
				Base,
			);
			mainGroup = 39EA61DB2F80CFE500F37C9D;
			minimizedProjectReferenceProxies = 1;
			packageReferences = (
				39EA62832F90000100F37C9D /* XCRemoteSwiftPackageReference "supabase-swift" */,
				327E8F962FA7169700023C85 /* XCRemoteSwiftPackageReference "purchases-ios" */,
			);
			preferredProjectObjectVersion = 77;
			productRefGroup = 39EA61E52F80CFE600F37C9D /* Products */;
			projectDirPath = "";
			projectRoot = "";
			targets = (
				39EA61E32F80CFE600F37C9D /* BIBLE TODO */,
				39EA622A2F8A1AC600F37C9D /* StreakWidgetExtension */,
				39EA624C2F8A216600F37C9D /* VerseTaskWidgetExtension */,
				39EA626A2F8A2BA200F37C9D /* LockScreenIconWidgetExtension */,
			);
		};
/* End PBXProject section */

/* Begin PBXResourcesBuildPhase section */
		39EA61E22F80CFE600F37C9D /* Resources */ = {
			isa = PBXResourcesBuildPhase;
			buildActionMask = 2147483647;
			files = (
			);
			runOnlyForDeploymentPostprocessing = 0;
		};
		39EA62292F8A1AC600F37C9D /* Resources */ = {
			isa = PBXResourcesBuildPhase;
			buildActionMask = 2147483647;
			files = (
			);
			runOnlyForDeploymentPostprocessing = 0;
		};
		39EA624B2F8A216600F37C9D /* Resources */ = {
			isa = PBXResourcesBuildPhase;
			buildActionMask = 2147483647;
			files = (
			);
			runOnlyForDeploymentPostprocessing = 0;
		};
		39EA62692F8A2BA200F37C9D /* Resources */ = {
			isa = PBXResourcesBuildPhase;
			buildActionMask = 2147483647;
			files = (
			);
			runOnlyForDeploymentPostprocessing = 0;
		};
/* End PBXResourcesBuildPhase section */

/* Begin PBXSourcesBuildPhase section */
		39EA61E02F80CFE600F37C9D /* Sources */ = {
			isa = PBXSourcesBuildPhase;
			buildActionMask = 2147483647;
			files = (
			);
			runOnlyForDeploymentPostprocessing = 0;
		};
		39EA62272F8A1AC600F37C9D /* Sources */ = {
			isa = PBXSourcesBuildPhase;
			buildActionMask = 2147483647;
			files = (
			);
			runOnlyForDeploymentPostprocessing = 0;
		};
		39EA62492F8A216600F37C9D /* Sources */ = {
			isa = PBXSourcesBuildPhase;
			buildActionMask = 2147483647;
			files = (
			);
			runOnlyForDeploymentPostprocessing = 0;
		};
		39EA62672F8A2BA200F37C9D /* Sources */ = {
			isa = PBXSourcesBuildPhase;
			buildActionMask = 2147483647;
			files = (
			);
			runOnlyForDeploymentPostprocessing = 0;
		};
/* End PBXSourcesBuildPhase section */

/* Begin PBXTargetDependency section */
		39EA62402F8A1AC700F37C9D /* PBXTargetDependency */ = {
			isa = PBXTargetDependency;
			target = 39EA622A2F8A1AC600F37C9D /* StreakWidgetExtension */;
			targetProxy = 39EA623F2F8A1AC700F37C9D /* PBXContainerItemProxy */;
		};
		39EA625F2F8A216800F37C9D /* PBXTargetDependency */ = {
			isa = PBXTargetDependency;
			target = 39EA624C2F8A216600F37C9D /* VerseTaskWidgetExtension */;
			targetProxy = 39EA625E2F8A216800F37C9D /* PBXContainerItemProxy */;
		};
		39EA627D2F8A2BA300F37C9D /* PBXTargetDependency */ = {
			isa = PBXTargetDependency;
			target = 39EA626A2F8A2BA200F37C9D /* LockScreenIconWidgetExtension */;
			targetProxy = 39EA627C2F8A2BA300F37C9D /* PBXContainerItemProxy */;
		};
/* End PBXTargetDependency section */

/* Begin XCBuildConfiguration section */
		39EA62092F80CFE800F37C9D /* Debug */ = {
			isa = XCBuildConfiguration;
			baseConfigurationReference = 39EA62862F90001000F37C9D /* AppConfig.xcconfig */;
			buildSettings = {
				ASSETCATALOG_COMPILER_APPICON_NAME = AppIcon;
				ASSETCATALOG_COMPILER_GLOBAL_ACCENT_COLOR_NAME = AccentColor;
				CODE_SIGN_STYLE = Automatic;
				CURRENT_PROJECT_VERSION = 1;
				DEVELOPMENT_TEAM = 9S3493BTMM;
				ENABLE_APP_SANDBOX = YES;
				ENABLE_PREVIEWS = YES;
				ENABLE_USER_SELECTED_FILES = readonly;
				GENERATE_INFOPLIST_FILE = YES;
				INFOPLIST_FILE = "BIBLE TODO/Info.plist";
				"INFOPLIST_KEY_UIApplicationSceneManifest_Generation[sdk=iphoneos*]" = YES;
				"INFOPLIST_KEY_UIApplicationSceneManifest_Generation[sdk=iphonesimulator*]" = YES;
				"INFOPLIST_KEY_UIApplicationSupportsIndirectInputEvents[sdk=iphoneos*]" = YES;
				"INFOPLIST_KEY_UIApplicationSupportsIndirectInputEvents[sdk=iphonesimulator*]" = YES;
				"INFOPLIST_KEY_UILaunchScreen_Generation[sdk=iphoneos*]" = YES;
				"INFOPLIST_KEY_UILaunchScreen_Generation[sdk=iphonesimulator*]" = YES;
				"INFOPLIST_KEY_UIStatusBarStyle[sdk=iphoneos*]" = UIStatusBarStyleDefault;
				"INFOPLIST_KEY_UIStatusBarStyle[sdk=iphonesimulator*]" = UIStatusBarStyleDefault;
				INFOPLIST_KEY_UISupportedInterfaceOrientations_iPad = "UIInterfaceOrientationPortrait UIInterfaceOrientationPortraitUpsideDown UIInterfaceOrientationLandscapeLeft UIInterfaceOrientationLandscapeRight";
				INFOPLIST_KEY_UISupportedInterfaceOrientations_iPhone = "UIInterfaceOrientationPortrait UIInterfaceOrientationLandscapeLeft UIInterfaceOrientationLandscapeRight";
				IPHONEOS_DEPLOYMENT_TARGET = 26.4;
				LD_RUNPATH_SEARCH_PATHS = "@executable_path/Frameworks";
				"LD_RUNPATH_SEARCH_PATHS[sdk=macosx*]" = "@executable_path/../Frameworks";
				MACOSX_DEPLOYMENT_TARGET = 26.3;
				MARKETING_VERSION = 1.0;
				PRODUCT_BUNDLE_IDENTIFIER = "abvy.BIBLE-TODO";
				PRODUCT_NAME = "$(TARGET_NAME)";
				REGISTER_APP_GROUPS = YES;
				SDKROOT = auto;
				STRING_CATALOG_GENERATE_SYMBOLS = YES;
				SUPPORTED_PLATFORMS = "iphoneos iphonesimulator macosx xros xrsimulator";
				SWIFT_APPROACHABLE_CONCURRENCY = YES;
				SWIFT_DEFAULT_ACTOR_ISOLATION = MainActor;
				SWIFT_EMIT_LOC_STRINGS = YES;
				SWIFT_UPCOMING_FEATURE_MEMBER_IMPORT_VISIBILITY = YES;
				SWIFT_VERSION = 5.0;
				TARGETED_DEVICE_FAMILY = "1,2,7";
				XROS_DEPLOYMENT_TARGET = 26.4;
			};
			name = Debug;
		};
		39EA620A2F80CFE800F37C9D /* Release */ = {
			isa = XCBuildConfiguration;
			baseConfigurationReference = 39EA62862F90001000F37C9D /* AppConfig.xcconfig */;
			buildSettings = {
				ASSETCATALOG_COMPILER_APPICON_NAME = AppIcon;
				ASSETCATALOG_COMPILER_GLOBAL_ACCENT_COLOR_NAME = AccentColor;
				CODE_SIGN_STYLE = Automatic;
				CURRENT_PROJECT_VERSION = 1;
				DEVELOPMENT_TEAM = 9S3493BTMM;
				ENABLE_APP_SANDBOX = YES;
				ENABLE_PREVIEWS = YES;
				ENABLE_USER_SELECTED_FILES = readonly;
				GENERATE_INFOPLIST_FILE = YES;
				INFOPLIST_FILE = "BIBLE TODO/Info.plist";
				"INFOPLIST_KEY_UIApplicationSceneManifest_Generation[sdk=iphoneos*]" = YES;
				"INFOPLIST_KEY_UIApplicationSceneManifest_Generation[sdk=iphonesimulator*]" = YES;
				"INFOPLIST_KEY_UIApplicationSupportsIndirectInputEvents[sdk=iphoneos*]" = YES;
				"INFOPLIST_KEY_UIApplicationSupportsIndirectInputEvents[sdk=iphonesimulator*]" = YES;
				"INFOPLIST_KEY_UILaunchScreen_Generation[sdk=iphoneos*]" = YES;
				"INFOPLIST_KEY_UILaunchScreen_Generation[sdk=iphonesimulator*]" = YES;
				"INFOPLIST_KEY_UIStatusBarStyle[sdk=iphoneos*]" = UIStatusBarStyleDefault;
				"INFOPLIST_KEY_UIStatusBarStyle[sdk=iphonesimulator*]" = UIStatusBarStyleDefault;
				INFOPLIST_KEY_UISupportedInterfaceOrientations_iPad = "UIInterfaceOrientationPortrait UIInterfaceOrientationPortraitUpsideDown UIInterfaceOrientationLandscapeLeft UIInterfaceOrientationLandscapeRight";
				INFOPLIST_KEY_UISupportedInterfaceOrientations_iPhone = "UIInterfaceOrientationPortrait UIInterfaceOrientationLandscapeLeft UIInterfaceOrientationLandscapeRight";
				IPHONEOS_DEPLOYMENT_TARGET = 26.4;
				LD_RUNPATH_SEARCH_PATHS = "@executable_path/Frameworks";
				"LD_RUNPATH_SEARCH_PATHS[sdk=macosx*]" = "@executable_path/../Frameworks";
				MACOSX_DEPLOYMENT_TARGET = 26.3;
				MARKETING_VERSION = 1.0;
				PRODUCT_BUNDLE_IDENTIFIER = "abvy.BIBLE-TODO";
				PRODUCT_NAME = "$(TARGET_NAME)";
				REGISTER_APP_GROUPS = YES;
				SDKROOT = auto;
				STRING_CATALOG_GENERATE_SYMBOLS = YES;
				SUPPORTED_PLATFORMS = "iphoneos iphonesimulator macosx xros xrsimulator";
				SWIFT_APPROACHABLE_CONCURRENCY = YES;
				SWIFT_DEFAULT_ACTOR_ISOLATION = MainActor;
				SWIFT_EMIT_LOC_STRINGS = YES;
				SWIFT_UPCOMING_FEATURE_MEMBER_IMPORT_VISIBILITY = YES;
				SWIFT_VERSION = 5.0;
				TARGETED_DEVICE_FAMILY = "1,2,7";
				XROS_DEPLOYMENT_TARGET = 26.4;
			};
			name = Release;
		};
		39EA620B2F80CFE800F37C9D /* Debug */ = {
			isa = XCBuildConfiguration;
			buildSettings = {
				ALWAYS_SEARCH_USER_PATHS = NO;
				ASSETCATALOG_COMPILER_GENERATE_SWIFT_ASSET_SYMBOL_EXTENSIONS = YES;
				CLANG_ANALYZER_NONNULL = YES;
				CLANG_ANALYZER_NUMBER_OBJECT_CONVERSION = YES_AGGRESSIVE;
				CLANG_CXX_LANGUAGE_STANDARD = "gnu++20";
				CLANG_ENABLE_MODULES = YES;
				CLANG_ENABLE_OBJC_ARC = YES;
				CLANG_ENABLE_OBJC_WEAK = YES;
				CLANG_WARN_BLOCK_CAPTURE_AUTORELEASING = YES;
				CLANG_WARN_BOOL_CONVERSION = YES;
				CLANG_WARN_COMMA = YES;
				CLANG_WARN_CONSTANT_CONVERSION = YES;
				CLANG_WARN_DEPRECATED_OBJC_IMPLEMENTATIONS = YES;
				CLANG_WARN_DIRECT_OBJC_ISA_USAGE = YES_ERROR;
				CLANG_WARN_DOCUMENTATION_COMMENTS = YES;
				CLANG_WARN_EMPTY_BODY = YES;
				CLANG_WARN_ENUM_CONVERSION = YES;
				CLANG_WARN_INFINITE_RECURSION = YES;
				CLANG_WARN_INT_CONVERSION = YES;
				CLANG_WARN_NON_LITERAL_NULL_CONVERSION = YES;
				CLANG_WARN_OBJC_IMPLICIT_RETAIN_SELF = YES;
				CLANG_WARN_OBJC_LITERAL_CONVERSION = YES;
				CLANG_WARN_OBJC_ROOT_CLASS = YES_ERROR;
				CLANG_WARN_QUOTED_INCLUDE_IN_FRAMEWORK_HEADER = YES;
				CLANG_WARN_RANGE_LOOP_ANALYSIS = YES;
				CLANG_WARN_STRICT_PROTOTYPES = YES;
				CLANG_WARN_SUSPICIOUS_MOVE = YES;
				CLANG_WARN_UNGUARDED_AVAILABILITY = YES_AGGRESSIVE;
				CLANG_WARN_UNREACHABLE_CODE = YES;
				CLANG_WARN__DUPLICATE_METHOD_MATCH = YES;
				COPY_PHASE_STRIP = NO;
				DEBUG_INFORMATION_FORMAT = dwarf;
				ENABLE_STRICT_OBJC_MSGSEND = YES;
				ENABLE_TESTABILITY = YES;
				ENABLE_USER_SCRIPT_SANDBOXING = YES;
				GCC_C_LANGUAGE_STANDARD = gnu17;
				GCC_DYNAMIC_NO_PIC = NO;
				GCC_NO_COMMON_BLOCKS = YES;
				GCC_OPTIMIZATION_LEVEL = 0;
				GCC_PREPROCESSOR_DEFINITIONS = (
					"DEBUG=1",
					"$(inherited)",
				);
				GCC_WARN_64_TO_32_BIT_CONVERSION = YES;
				GCC_WARN_ABOUT_RETURN_TYPE = YES_ERROR;
				GCC_WARN_UNDECLARED_SELECTOR = YES;
				GCC_WARN_UNINITIALIZED_AUTOS = YES_AGGRESSIVE;
				GCC_WARN_UNUSED_FUNCTION = YES;
				GCC_WARN_UNUSED_VARIABLE = YES;
				LOCALIZATION_PREFERS_STRING_CATALOGS = YES;
				MTL_ENABLE_DEBUG_INFO = INCLUDE_SOURCE;
				MTL_FAST_MATH = YES;
				ONLY_ACTIVE_ARCH = YES;
				SWIFT_ACTIVE_COMPILATION_CONDITIONS = "DEBUG $(inherited)";
				SWIFT_OPTIMIZATION_LEVEL = "-Onone";
			};
			name = Debug;
		};
		39EA620C2F80CFE800F37C9D /* Release */ = {
			isa = XCBuildConfiguration;
			buildSettings = {
				ALWAYS_SEARCH_USER_PATHS = NO;
				ASSETCATALOG_COMPILER_GENERATE_SWIFT_ASSET_SYMBOL_EXTENSIONS = YES;
				CLANG_ANALYZER_NONNULL = YES;
				CLANG_ANALYZER_NUMBER_OBJECT_CONVERSION = YES_AGGRESSIVE;
				CLANG_CXX_LANGUAGE_STANDARD = "gnu++20";
				CLANG_ENABLE_MODULES = YES;
				CLANG_ENABLE_OBJC_ARC = YES;
				CLANG_ENABLE_OBJC_WEAK = YES;
				CLANG_WARN_BLOCK_CAPTURE_AUTORELEASING = YES;
				CLANG_WARN_BOOL_CONVERSION = YES;
				CLANG_WARN_COMMA = YES;
				CLANG_WARN_CONSTANT_CONVERSION = YES;
				CLANG_WARN_DEPRECATED_OBJC_IMPLEMENTATIONS = YES;
				CLANG_WARN_DIRECT_OBJC_ISA_USAGE = YES_ERROR;
				CLANG_WARN_DOCUMENTATION_COMMENTS = YES;
				CLANG_WARN_EMPTY_BODY = YES;
				CLANG_WARN_ENUM_CONVERSION = YES;
				CLANG_WARN_INFINITE_RECURSION = YES;
				CLANG_WARN_INT_CONVERSION = YES;
				CLANG_WARN_NON_LITERAL_NULL_CONVERSION = YES;
				CLANG_WARN_OBJC_IMPLICIT_RETAIN_SELF = YES;
				CLANG_WARN_OBJC_LITERAL_CONVERSION = YES;
				CLANG_WARN_OBJC_ROOT_CLASS = YES_ERROR;
				CLANG_WARN_QUOTED_INCLUDE_IN_FRAMEWORK_HEADER = YES;
				CLANG_WARN_RANGE_LOOP_ANALYSIS = YES;
				CLANG_WARN_STRICT_PROTOTYPES = YES;
				CLANG_WARN_SUSPICIOUS_MOVE = YES;
				CLANG_WARN_UNGUARDED_AVAILABILITY = YES_AGGRESSIVE;
				CLANG_WARN_UNREACHABLE_CODE = YES;
				CLANG_WARN__DUPLICATE_METHOD_MATCH = YES;
				COPY_PHASE_STRIP = NO;
				DEBUG_INFORMATION_FORMAT = "dwarf-with-dsym";
				ENABLE_NS_ASSERTIONS = NO;
				ENABLE_STRICT_OBJC_MSGSEND = YES;
				ENABLE_USER_SCRIPT_SANDBOXING = YES;
				GCC_C_LANGUAGE_STANDARD = gnu17;
				GCC_NO_COMMON_BLOCKS = YES;
				GCC_WARN_64_TO_32_BIT_CONVERSION = YES;
				GCC_WARN_ABOUT_RETURN_TYPE = YES_ERROR;
				GCC_WARN_UNDECLARED_SELECTOR = YES;
				GCC_WARN_UNINITIALIZED_AUTOS = YES_AGGRESSIVE;
				GCC_WARN_UNUSED_FUNCTION = YES;
				GCC_WARN_UNUSED_VARIABLE = YES;
				LOCALIZATION_PREFERS_STRING_CATALOGS = YES;
				MTL_ENABLE_DEBUG_INFO = NO;
				MTL_FAST_MATH = YES;
				SWIFT_COMPILATION_MODE = wholemodule;
			};
			name = Release;
		};
		39EA62432F8A1AC700F37C9D /* Debug */ = {
			isa = XCBuildConfiguration;
			buildSettings = {
				ASSETCATALOG_COMPILER_GLOBAL_ACCENT_COLOR_NAME = AccentColor;
				ASSETCATALOG_COMPILER_WIDGET_BACKGROUND_COLOR_NAME = WidgetBackground;
				CODE_SIGN_STYLE = Automatic;
				CURRENT_PROJECT_VERSION = 1;
				DEVELOPMENT_TEAM = 9S3493BTMM;
				GENERATE_INFOPLIST_FILE = YES;
				INFOPLIST_FILE = StreakWidget/Info.plist;
				INFOPLIST_KEY_CFBundleDisplayName = StreakWidget;
				INFOPLIST_KEY_NSHumanReadableCopyright = "";
				IPHONEOS_DEPLOYMENT_TARGET = 26.4;
				LD_RUNPATH_SEARCH_PATHS = (
					"$(inherited)",
					"@executable_path/Frameworks",
					"@executable_path/../../Frameworks",
				);
				MARKETING_VERSION = 1.0;
				PRODUCT_BUNDLE_IDENTIFIER = "abvy.BIBLE-TODO.StreakWidget";
				PRODUCT_NAME = "$(TARGET_NAME)";
				SDKROOT = iphoneos;
				SKIP_INSTALL = YES;
				STRING_CATALOG_GENERATE_SYMBOLS = YES;
				SWIFT_APPROACHABLE_CONCURRENCY = YES;
				SWIFT_EMIT_LOC_STRINGS = YES;
				SWIFT_UPCOMING_FEATURE_MEMBER_IMPORT_VISIBILITY = YES;
				SWIFT_VERSION = 5.0;
				TARGETED_DEVICE_FAMILY = "1,2";
			};
			name = Debug;
		};
		39EA62442F8A1AC700F37C9D /* Release */ = {
			isa = XCBuildConfiguration;
			buildSettings = {
				ASSETCATALOG_COMPILER_GLOBAL_ACCENT_COLOR_NAME = AccentColor;
				ASSETCATALOG_COMPILER_WIDGET_BACKGROUND_COLOR_NAME = WidgetBackground;
				CODE_SIGN_STYLE = Automatic;
				CURRENT_PROJECT_VERSION = 1;
				DEVELOPMENT_TEAM = 9S3493BTMM;
				GENERATE_INFOPLIST_FILE = YES;
				INFOPLIST_FILE = StreakWidget/Info.plist;
				INFOPLIST_KEY_CFBundleDisplayName = StreakWidget;
				INFOPLIST_KEY_NSHumanReadableCopyright = "";
				IPHONEOS_DEPLOYMENT_TARGET = 26.4;
				LD_RUNPATH_SEARCH_PATHS = (
					"$(inherited)",
					"@executable_path/Frameworks",
					"@executable_path/../../Frameworks",
				);
				MARKETING_VERSION = 1.0;
				PRODUCT_BUNDLE_IDENTIFIER = "abvy.BIBLE-TODO.StreakWidget";
				PRODUCT_NAME = "$(TARGET_NAME)";
				SDKROOT = iphoneos;
				SKIP_INSTALL = YES;
				STRING_CATALOG_GENERATE_SYMBOLS = YES;
				SWIFT_APPROACHABLE_CONCURRENCY = YES;
				SWIFT_EMIT_LOC_STRINGS = YES;
				SWIFT_UPCOMING_FEATURE_MEMBER_IMPORT_VISIBILITY = YES;
				SWIFT_VERSION = 5.0;
				TARGETED_DEVICE_FAMILY = "1,2";
				VALIDATE_PRODUCT = YES;
			};
			name = Release;
		};
		39EA62622F8A216800F37C9D /* Debug */ = {
			isa = XCBuildConfiguration;
			buildSettings = {
				ASSETCATALOG_COMPILER_GLOBAL_ACCENT_COLOR_NAME = AccentColor;
				ASSETCATALOG_COMPILER_WIDGET_BACKGROUND_COLOR_NAME = WidgetBackground;
				CODE_SIGN_STYLE = Automatic;
				CURRENT_PROJECT_VERSION = 1;
				DEVELOPMENT_TEAM = 9S3493BTMM;
				GENERATE_INFOPLIST_FILE = YES;
				INFOPLIST_FILE = VerseTaskWidget/Info.plist;
				INFOPLIST_KEY_CFBundleDisplayName = VerseTaskWidget;
				INFOPLIST_KEY_NSHumanReadableCopyright = "";
				IPHONEOS_DEPLOYMENT_TARGET = 26.4;
				LD_RUNPATH_SEARCH_PATHS = (
					"$(inherited)",
					"@executable_path/Frameworks",
					"@executable_path/../../Frameworks",
				);
				MARKETING_VERSION = 1.0;
				PRODUCT_BUNDLE_IDENTIFIER = "abvy.BIBLE-TODO.VerseTaskWidget";
				PRODUCT_NAME = "$(TARGET_NAME)";
				SDKROOT = iphoneos;
				SKIP_INSTALL = YES;
				STRING_CATALOG_GENERATE_SYMBOLS = YES;
				SWIFT_APPROACHABLE_CONCURRENCY = YES;
				SWIFT_EMIT_LOC_STRINGS = YES;
				SWIFT_UPCOMING_FEATURE_MEMBER_IMPORT_VISIBILITY = YES;
				SWIFT_VERSION = 5.0;
				TARGETED_DEVICE_FAMILY = "1,2";
			};
			name = Debug;
		};
		39EA62632F8A216800F37C9D /* Release */ = {
			isa = XCBuildConfiguration;
			buildSettings = {
				ASSETCATALOG_COMPILER_GLOBAL_ACCENT_COLOR_NAME = AccentColor;
				ASSETCATALOG_COMPILER_WIDGET_BACKGROUND_COLOR_NAME = WidgetBackground;
				CODE_SIGN_STYLE = Automatic;
				CURRENT_PROJECT_VERSION = 1;
				DEVELOPMENT_TEAM = 9S3493BTMM;
				GENERATE_INFOPLIST_FILE = YES;
				INFOPLIST_FILE = VerseTaskWidget/Info.plist;
				INFOPLIST_KEY_CFBundleDisplayName = VerseTaskWidget;
				INFOPLIST_KEY_NSHumanReadableCopyright = "";
				IPHONEOS_DEPLOYMENT_TARGET = 26.4;
				LD_RUNPATH_SEARCH_PATHS = (
					"$(inherited)",
					"@executable_path/Frameworks",
					"@executable_path/../../Frameworks",
				);
				MARKETING_VERSION = 1.0;
				PRODUCT_BUNDLE_IDENTIFIER = "abvy.BIBLE-TODO.VerseTaskWidget";
				PRODUCT_NAME = "$(TARGET_NAME)";
				SDKROOT = iphoneos;
				SKIP_INSTALL = YES;
				STRING_CATALOG_GENERATE_SYMBOLS = YES;
				SWIFT_APPROACHABLE_CONCURRENCY = YES;
				SWIFT_EMIT_LOC_STRINGS = YES;
				SWIFT_UPCOMING_FEATURE_MEMBER_IMPORT_VISIBILITY = YES;
				SWIFT_VERSION = 5.0;
				TARGETED_DEVICE_FAMILY = "1,2";
				VALIDATE_PRODUCT = YES;
			};
			name = Release;
		};
		39EA62802F8A2BA300F37C9D /* Debug */ = {
			isa = XCBuildConfiguration;
			buildSettings = {
				ASSETCATALOG_COMPILER_GLOBAL_ACCENT_COLOR_NAME = AccentColor;
				ASSETCATALOG_COMPILER_WIDGET_BACKGROUND_COLOR_NAME = WidgetBackground;
				CODE_SIGN_STYLE = Automatic;
				CURRENT_PROJECT_VERSION = 1;
				DEVELOPMENT_TEAM = 9S3493BTMM;
				GENERATE_INFOPLIST_FILE = YES;
				INFOPLIST_FILE = LockScreenIconWidget/Info.plist;
				INFOPLIST_KEY_CFBundleDisplayName = LockScreenIconWidget;
				INFOPLIST_KEY_NSHumanReadableCopyright = "";
				IPHONEOS_DEPLOYMENT_TARGET = 26.4;
				LD_RUNPATH_SEARCH_PATHS = (
					"$(inherited)",
					"@executable_path/Frameworks",
					"@executable_path/../../Frameworks",
				);
				MARKETING_VERSION = 1.0;
				PRODUCT_BUNDLE_IDENTIFIER = "abvy.BIBLE-TODO.LockScreenIconWidget";
				PRODUCT_NAME = "$(TARGET_NAME)";
				SDKROOT = iphoneos;
				SKIP_INSTALL = YES;
				STRING_CATALOG_GENERATE_SYMBOLS = YES;
				SWIFT_APPROACHABLE_CONCURRENCY = YES;
				SWIFT_EMIT_LOC_STRINGS = YES;
				SWIFT_UPCOMING_FEATURE_MEMBER_IMPORT_VISIBILITY = YES;
				SWIFT_VERSION = 5.0;
				TARGETED_DEVICE_FAMILY = "1,2";
			};
			name = Debug;
		};
		39EA62812F8A2BA300F37C9D /* Release */ = {
			isa = XCBuildConfiguration;
			buildSettings = {
				ASSETCATALOG_COMPILER_GLOBAL_ACCENT_COLOR_NAME = AccentColor;
				ASSETCATALOG_COMPILER_WIDGET_BACKGROUND_COLOR_NAME = WidgetBackground;
				CODE_SIGN_STYLE = Automatic;
				CURRENT_PROJECT_VERSION = 1;
				DEVELOPMENT_TEAM = 9S3493BTMM;
				GENERATE_INFOPLIST_FILE = YES;
				INFOPLIST_FILE = LockScreenIconWidget/Info.plist;
				INFOPLIST_KEY_CFBundleDisplayName = LockScreenIconWidget;
				INFOPLIST_KEY_NSHumanReadableCopyright = "";
				IPHONEOS_DEPLOYMENT_TARGET = 26.4;
				LD_RUNPATH_SEARCH_PATHS = (
					"$(inherited)",
					"@executable_path/Frameworks",
					"@executable_path/../../Frameworks",
				);
				MARKETING_VERSION = 1.0;
				PRODUCT_BUNDLE_IDENTIFIER = "abvy.BIBLE-TODO.LockScreenIconWidget";
				PRODUCT_NAME = "$(TARGET_NAME)";
				SDKROOT = iphoneos;
				SKIP_INSTALL = YES;
				STRING_CATALOG_GENERATE_SYMBOLS = YES;
				SWIFT_APPROACHABLE_CONCURRENCY = YES;
				SWIFT_EMIT_LOC_STRINGS = YES;
				SWIFT_UPCOMING_FEATURE_MEMBER_IMPORT_VISIBILITY = YES;
				SWIFT_VERSION = 5.0;
				TARGETED_DEVICE_FAMILY = "1,2";
				VALIDATE_PRODUCT = YES;
			};
			name = Release;
		};
/* End XCBuildConfiguration section */

/* Begin XCConfigurationList section */
		39EA61DF2F80CFE500F37C9D /* Build configuration list for PBXProject "BIBLE TODO" */ = {
			isa = XCConfigurationList;
			buildConfigurations = (
				39EA620B2F80CFE800F37C9D /* Debug */,
				39EA620C2F80CFE800F37C9D /* Release */,
			);
			defaultConfigurationIsVisible = 0;
			defaultConfigurationName = Release;
		};
		39EA62082F80CFE800F37C9D /* Build configuration list for PBXNativeTarget "BIBLE TODO" */ = {
			isa = XCConfigurationList;
			buildConfigurations = (
				39EA62092F80CFE800F37C9D /* Debug */,
				39EA620A2F80CFE800F37C9D /* Release */,
			);
			defaultConfigurationIsVisible = 0;
			defaultConfigurationName = Release;
		};
		39EA62422F8A1AC700F37C9D /* Build configuration list for PBXNativeTarget "StreakWidgetExtension" */ = {
			isa = XCConfigurationList;
			buildConfigurations = (
				39EA62432F8A1AC700F37C9D /* Debug */,
				39EA62442F8A1AC700F37C9D /* Release */,
			);
			defaultConfigurationIsVisible = 0;
			defaultConfigurationName = Release;
		};
		39EA62612F8A216800F37C9D /* Build configuration list for PBXNativeTarget "VerseTaskWidgetExtension" */ = {
			isa = XCConfigurationList;
			buildConfigurations = (
				39EA62622F8A216800F37C9D /* Debug */,
				39EA62632F8A216800F37C9D /* Release */,
			);
			defaultConfigurationIsVisible = 0;
			defaultConfigurationName = Release;
		};
		39EA627F2F8A2BA300F37C9D /* Build configuration list for PBXNativeTarget "LockScreenIconWidgetExtension" */ = {
			isa = XCConfigurationList;
			buildConfigurations = (
				39EA62802F8A2BA300F37C9D /* Debug */,
				39EA62812F8A2BA300F37C9D /* Release */,
			);
			defaultConfigurationIsVisible = 0;
			defaultConfigurationName = Release;
		};
/* End XCConfigurationList section */

/* Begin XCRemoteSwiftPackageReference section */
		327E8F962FA7169700023C85 /* XCRemoteSwiftPackageReference "purchases-ios" */ = {
			isa = XCRemoteSwiftPackageReference;
			repositoryURL = "https://github.com/RevenueCat/purchases-ios.git";
			requirement = {
				kind = upToNextMajorVersion;
				minimumVersion = 5.70.0;
			};
		};
		39EA62832F90000100F37C9D /* XCRemoteSwiftPackageReference "supabase-swift" */ = {
			isa = XCRemoteSwiftPackageReference;
			repositoryURL = "https://github.com/supabase/supabase-swift";
			requirement = {
				kind = upToNextMajorVersion;
				minimumVersion = 2.0.0;
			};
		};
/* End XCRemoteSwiftPackageReference section */

/* Begin XCSwiftPackageProductDependency section */
		327E8F972FA7169700023C85 /* RevenueCat */ = {
			isa = XCSwiftPackageProductDependency;
			package = 327E8F962FA7169700023C85 /* XCRemoteSwiftPackageReference "purchases-ios" */;
			productName = RevenueCat;
		};
		39EA62842F90000200F37C9D /* Supabase */ = {
			isa = XCSwiftPackageProductDependency;
			package = 39EA62832F90000100F37C9D /* XCRemoteSwiftPackageReference "supabase-swift" */;
			productName = Supabase;
		};
/* End XCSwiftPackageProductDependency section */
	};
	rootObject = 39EA61DC2F80CFE500F37C9D /* Project object */;
}
